
Microsoft Visual Studio Solution File, Format Version 12.00
# Visual Studio Version 17
VisualStudioVersion = 17.14.37328.6
MinimumVisualStudioVersion = 10.0.40219.1
Project("{FAE04EC0-301F-11D3-BF4B-00C04F79EFBC}") = "Tym.Api", "Tym.Api.csproj", "{DC5555FC-AD39-1EAD-F3F8-1E1F9A64E197}"
EndProject
Project("{2150E333-8FDC-42A3-9474-1A3956D46DE8}") = "ui", "ui", "{FA674B5A-3394-926C-2B1E-70E5B00E4A5C}"
EndProject
Project("{FAE04EC0-301F-11D3-BF4B-00C04F79EFBC}") = "Tym.Ui", "ui\Tym.Ui\Tym.Ui.csproj", "{AF743F63-608F-48CD-8DD5-E284088A48C4}"
EndProject
Global
	GlobalSection(SolutionConfigurationPlatforms) = preSolution
		Debug|Any CPU = Debug|Any CPU
		Debug|x64 = Debug|x64
		Debug|x86 = Debug|x86
		Release|Any CPU = Release|Any CPU
		Release|x64 = Release|x64
		Release|x86 = Release|x86
	EndGlobalSection
	GlobalSection(ProjectConfigurationPlatforms) = postSolution
		{DC5555FC-AD39-1EAD-F3F8-1E1F9A64E197}.Debug|Any CPU.ActiveCfg = Debug|Any CPU
		{DC5555FC-AD39-1EAD-F3F8-1E1F9A64E197}.Debug|Any CPU.Build.0 = Debug|Any CPU
		{DC5555FC-AD39-1EAD-F3F8-1E1F9A64E197}.Debug|x64.ActiveCfg = Debug|Any CPU
		{DC5555FC-AD39-1EAD-F3F8-1E1F9A64E197}.Debug|x64.Build.0 = Debug|Any CPU
		{DC5555FC-AD39-1EAD-F3F8-1E1F9A64E197}.Debug|x86.ActiveCfg = Debug|Any CPU
		{DC5555FC-AD39-1EAD-F3F8-1E1F9A64E197}.Debug|x86.Build.0 = Debug|Any CPU
		{DC5555FC-AD39-1EAD-F3F8-1E1F9A64E197}.Release|Any CPU.ActiveCfg = Release|Any CPU
		{DC5555FC-AD39-1EAD-F3F8-1E1F9A64E197}.Release|Any CPU.Build.0 = Release|Any CPU
		{DC5555FC-AD39-1EAD-F3F8-1E1F9A64E197}.Release|x64.ActiveCfg = Release|Any CPU
		{DC5555FC-AD39-1EAD-F3F8-1E1F9A64E197}.Release|x64.Build.0 = Release|Any CPU
		{DC5555FC-AD39-1EAD-F3F8-1E1F9A64E197}.Release|x86.ActiveCfg = Release|Any CPU
		{DC5555FC-AD39-1EAD-F3F8-1E1F9A64E197}.Release|x86.Build.0 = Release|Any CPU
		{AF743F63-608F-48CD-8DD5-E284088A48C4}.Debug|Any CPU.ActiveCfg = Debug|Any CPU
		{AF743F63-608F-48CD-8DD5-E284088A48C4}.Debug|Any CPU.Build.0 = Debug|Any CPU
		{AF743F63-608F-48CD-8DD5-E284088A48C4}.Debug|x64.ActiveCfg = Debug|Any CPU
		{AF743F63-608F-48CD-8DD5-E284088A48C4}.Debug|x64.Build.0 = Debug|Any CPU
		{AF743F63-608F-48CD-8DD5-E284088A48C4}.Debug|x86.ActiveCfg = Debug|Any CPU
		{AF743F63-608F-48CD-8DD5-E284088A48C4}.Debug|x86.Build.0 = Debug|Any CPU
		{AF743F63-608F-48CD-8DD5-E284088A48C4}.Release|Any CPU.ActiveCfg = Release|Any CPU
		{AF743F63-608F-48CD-8DD5-E284088A48C4}.Release|Any CPU.Build.0 = Release|Any CPU
		{AF743F63-608F-48CD-8DD5-E284088A48C4}.Release|x64.ActiveCfg = Release|Any CPU
		{AF743F63-608F-48CD-8DD5-E284088A48C4}.Release|x64.Build.0 = Release|Any CPU
		{AF743F63-608F-48CD-8DD5-E284088A48C4}.Release|x86.ActiveCfg = Release|Any CPU
		{AF743F63-608F-48CD-8DD5-E284088A48C4}.Release|x86.Build.0 = Release|Any CPU
	EndGlobalSection
	GlobalSection(SolutionProperties) = preSolution
		HideSolutionNode = FALSE
	EndGlobalSection
	GlobalSection(NestedProjects) = preSolution
		{AF743F63-608F-48CD-8DD5-E284088A48C4} = {FA674B5A-3394-926C-2B1E-70E5B00E4A5C}
	EndGlobalSection
	GlobalSection(ExtensibilityGlobals) = postSolution
		SolutionGuid = {BDCEAAC9-B8C4-4FC7-A08E-BCE2911A55D1}
	EndGlobalSection
EndGlobal
